
Microsoft Visual Studio Solution File, Format Version 12.00
# Visual Studio Version 16
VisualStudioVersion = 16.0.29411.108
MinimumVisualStudioVersion = 10.0.40219.1
Project("{8BC9CEB8-8B4A-11D0-8D11-00A0C91BC942}") = "9pract", "9pract.vcxproj", "{F03EE86B-2BF0-44F2-9CDB-484233288048}"
EndProject
Global
	GlobalSection(SolutionConfigurationPlatforms) = preSolution
		Debug|x64 = Debug|x64
		Debug|x86 = Debug|x86
		Release|x64 = Release|x64
		Release|x86 = Release|x86
	EndGlobalSection
	GlobalSection(ProjectConfigurationPlatforms) = postSolution
		{F03EE86B-2BF0-44F2-9CDB-484233288048}.Debug|x64.ActiveCfg = Debug|x64
		{F03EE86B-2BF0-44F2-9CDB-484233288048}.Debug|x64.Build.0 = Debug|x64
		{F03EE86B-2BF0-44F2-9CDB-484233288048}.Debug|x86.ActiveCfg = Debug|Win32
		{F03EE86B-2BF0-44F2-9CDB-484233288048}.Debug|x86.Build.0 = Debug|Win32
		{F03EE86B-2BF0-44F2-9CDB-484233288048}.Release|x64.ActiveCfg = Release|x64
		{F03EE86B-2BF0-44F2-9CDB-484233288048}.Release|x64.Build.0 = Release|x64
		{F03EE86B-2BF0-44F2-9CDB-484233288048}.Release|x86.ActiveCfg = Release|Win32
		{F03EE86B-2BF0-44F2-9CDB-484233288048}.Release|x86.Build.0 = Release|Win32
	EndGlobalSection
	GlobalSection(SolutionProperties) = preSolution
		HideSolutionNode = FALSE
	EndGlobalSection
	GlobalSection(ExtensibilityGlobals) = postSolution
		SolutionGuid = {A0F9C22F-6E96-4073-B893-F42AF3C134F9}
	EndGlobalSection
EndGlobal
